PODS:
  - audio_buffer_player (0.0.1):
    - Flutter
  - Flutter (1.0.0)

DEPENDENCIES:
  - audio_buffer_player (from `.symlinks/plugins/audio_buffer_player/ios`)
  - Flutter (from `Flutter`)

EXTERNAL SOURCES:
  audio_buffer_player:
    :path: ".symlinks/plugins/audio_buffer_player/ios"
  Flutter:
    :path: Flutter

SPEC CHECKSUMS:
  audio_buffer_player: 1895bc96eec708b9eb4340f965238530c14dc640
  Flutter: 0e3d915762c693b495b44d77113d4970485de6ec

PODFILE CHECKSUM: aafe91acc616949ddb318b77800a7f51bffa2a4c

COCOAPODS: 1.9.1
